// !$*UTF8*$!
{
	archiveVersion = 1;
	classes = {
	};
	objectVersion = 50;
	objects = {

/* Begin PBXBuildFile section */
		74650796888ECC57265B7FD5 /* Pods_PortfolioTests.framework in Frameworks */ = {isa = PBXBuildFile; fileRef = 77B931BCAD5BC5B8D6FC9360 /* Pods_PortfolioTests.framework */; };
		7E8CCE648DACC492217CF8BA /* Pods_Portfolio.framework in Frameworks */ = {isa = PBXBuildFile; fileRef = F9F5D5191C30265A79210043 /* Pods_Portfolio.framework */; };
		C307047520B9DA6900BEA5B3 /* NavigationBarCustomizer.swift in Sources */ = {isa = PBXBuildFile; fileRef = C307047420B9DA6900BEA5B3 /* NavigationBarCustomizer.swift */; };
		C307047720B9DE8B00BEA5B3 /* UIColor+Extension.swift in Sources */ = {isa = PBXBuildFile; fileRef = C307047620B9DE8B00BEA5B3 /* UIColor+Extension.swift */; };
		C307047A20B9E94900BEA5B3 /* UIFont+Extension.swift in Sources */ = {isa = PBXBuildFile; fileRef = C307047920B9E94900BEA5B3 /* UIFont+Extension.swift */; };
		C307047C20BA06D900BEA5B3 /* NavigationBarTitleView.swift in Sources */ = {isa = PBXBuildFile; fileRef = C307047B20BA06D900BEA5B3 /* NavigationBarTitleView.swift */; };
		C307048920BC547000BEA5B3 /* UIViewController+Extension.swift in Sources */ = {isa = PBXBuildFile; fileRef = C307048820BC547000BEA5B3 /* UIViewController+Extension.swift */; };
		C307048B20BC550E00BEA5B3 /* FloatingButton.swift in Sources */ = {isa = PBXBuildFile; fileRef = C307048A20BC550E00BEA5B3 /* FloatingButton.swift */; };
		C33D407520C0C2CA0006F615 /* ListManager.swift in Sources */ = {isa = PBXBuildFile; fileRef = C33D407420C0C2CA0006F615 /* ListManager.swift */; };
		C33D407820C0C4A10006F615 /* ListSelectionTableViewCell.swift in Sources */ = {isa = PBXBuildFile; fileRef = C33D407620C0C4A10006F615 /* ListSelectionTableViewCell.swift */; };
		C37550CE20BC9F59002C637B /* SymbolSearchViewController.swift in Sources */ = {isa = PBXBuildFile; fileRef = C37550CC20BC9F59002C637B /* SymbolSearchViewController.swift */; };
		C37550D220BC9FBD002C637B /* ListSelectionViewController.swift in Sources */ = {isa = PBXBuildFile; fileRef = C37550D020BC9FBD002C637B /* ListSelectionViewController.swift */; };
		C37550D520BCF6EC002C637B /* List.swift in Sources */ = {isa = PBXBuildFile; fileRef = C37550D420BCF6EC002C637B /* List.swift */; };
		C37550D720BE028C002C637B /* Persistence.swift in Sources */ = {isa = PBXBuildFile; fileRef = C37550D620BE028C002C637B /* Persistence.swift */; };
		C39ADD8120B3570E00DC70F7 /* StockService.swift in Sources */ = {isa = PBXBuildFile; fileRef = C39ADD8020B3570E00DC70F7 /* StockService.swift */; };
		C39ADD8420B365A500DC70F7 /* NetworkAdapter.swift in Sources */ = {isa = PBXBuildFile; fileRef = C39ADD8320B365A500DC70F7 /* NetworkAdapter.swift */; };
		C39D5A7A20C1DDF20069E75F /* SymbolSelectionTableViewCell.swift in Sources */ = {isa = PBXBuildFile; fileRef = C39D5A7920C1DDF20069E75F /* SymbolSelectionTableViewCell.swift */; };
		C39D5A7C20C1E7FA0069E75F /* StockDetailViewController.swift in Sources */ = {isa = PBXBuildFile; fileRef = C39D5A7B20C1E7F90069E75F /* StockDetailViewController.swift */; };
		C3AE5BBF2097F48C003605F2 /* AppDelegate.swift in Sources */ = {isa = PBXBuildFile; fileRef = C3AE5BBE2097F48C003605F2 /* AppDelegate.swift */; };
		C3AE5BC12097F48C003605F2 /* ListViewController.swift in Sources */ = {isa = PBXBuildFile; fileRef = C3AE5BC02097F48C003605F2 /* ListViewController.swift */; };
		C3AE5BC42097F48C003605F2 /* Main.storyboard in Resources */ = {isa = PBXBuildFile; fileRef = C3AE5BC22097F48C003605F2 /* Main.storyboard */; };
		C3AE5BC72097F48C003605F2 /* Portfolio.xcdatamodeld in Sources */ = {isa = PBXBuildFile; fileRef = C3AE5BC52097F48C003605F2 /* Portfolio.xcdatamodeld */; };
		C3AE5BC92097F48F003605F2 /* Assets.xcassets in Resources */ = {isa = PBXBuildFile; fileRef = C3AE5BC82097F48F003605F2 /* Assets.xcassets */; };
		C3AE5BCC2097F48F003605F2 /* LaunchScreen.storyboard in Resources */ = {isa = PBXBuildFile; fileRef = C3AE5BCA2097F48F003605F2 /* LaunchScreen.storyboard */; };
		C3AE5BD72097F48F003605F2 /* PortfolioTests.swift in Sources */ = {isa = PBXBuildFile; fileRef = C3AE5BD62097F48F003605F2 /* PortfolioTests.swift */; };
		C3ED169920B3712D0055290E /* Stock.swift in Sources */ = {isa = PBXBuildFile; fileRef = C3ED169820B3712D0055290E /* Stock.swift */; };
/* End PBXBuildFile section */

/* Begin PBXContainerItemProxy section */
		C3AE5BD32097F48F003605F2 /* PBXContainerItemProxy */ = {
			isa = PBXContainerItemProxy;
			containerPortal = C3AE5BB32097F48C003605F2 /* Project object */;
			proxyType = 1;
			remoteGlobalIDString = C3AE5BBA2097F48C003605F2;
			remoteInfo = Portfolio;
		};
/* End PBXContainerItemProxy section */

/* Begin PBXFileReference section */
		0CF0BDAAA56DA6AA2C8A8317 /* Pods-Portfolio.debug.xcconfig */ = {isa = PBXFileReference; includeInIndex = 1; lastKnownFileType = text.xcconfig; name = "Pods-Portfolio.debug.xcconfig"; path = "Pods/Target Support Files/Pods-Portfolio/Pods-Portfolio.debug.xcconfig"; sourceTree = "<group>"; };
		29AFEE580255EB245CCF3D90 /* Pods-PortfolioTests.debug.xcconfig */ = {isa = PBXFileReference; includeInIndex = 1; lastKnownFileType = text.xcconfig; name = "Pods-PortfolioTests.debug.xcconfig"; path = "Pods/Target Support Files/Pods-PortfolioTests/Pods-PortfolioTests.debug.xcconfig"; sourceTree = "<group>"; };
		618A1F3A29AB0B6C1A34ACB9 /* Pods-Portfolio.release.xcconfig */ = {isa = PBXFileReference; includeInIndex = 1; lastKnownFileType = text.xcconfig; name = "Pods-Portfolio.release.xcconfig"; path = "Pods/Target Support Files/Pods-Portfolio/Pods-Portfolio.release.xcconfig"; sourceTree = "<group>"; };
		77B931BCAD5BC5B8D6FC9360 /* Pods_PortfolioTests.framework */ = {isa = PBXFileReference; explicitFileType = wrapper.framework; includeInIndex = 0; path = Pods_PortfolioTests.framework; sourceTree = BUILT_PRODUCTS_DIR; };
		B389AA89EEC4316AAC11506E /* Pods-PortfolioTests.release.xcconfig */ = {isa = PBXFileReference; includeInIndex = 1; lastKnownFileType = text.xcconfig; name = "Pods-PortfolioTests.release.xcconfig"; path = "Pods/Target Support Files/Pods-PortfolioTests/Pods-PortfolioTests.release.xcconfig"; sourceTree = "<group>"; };
		C307047420B9DA6900BEA5B3 /* NavigationBarCustomizer.swift */ = {isa = PBXFileReference; lastKnownFileType = sourcecode.swift; path = NavigationBarCustomizer.swift; sourceTree = "<group>"; };
		C307047620B9DE8B00BEA5B3 /* UIColor+Extension.swift */ = {isa = PBXFileReference; lastKnownFileType = sourcecode.swift; path = "UIColor+Extension.swift"; sourceTree = "<group>"; };
		C307047920B9E94900BEA5B3 /* UIFont+Extension.swift */ = {isa = PBXFileReference; lastKnownFileType = sourcecode.swift; path = "UIFont+Extension.swift"; sourceTree = "<group>"; };
		C307047B20BA06D900BEA5B3 /* NavigationBarTitleView.swift */ = {isa = PBXFileReference; lastKnownFileType = sourcecode.swift; path = NavigationBarTitleView.swift; sourceTree = "<group>"; };
		C307048820BC547000BEA5B3 /* UIViewController+Extension.swift */ = {isa = PBXFileReference; lastKnownFileType = sourcecode.swift; path = "UIViewController+Extension.swift"; sourceTree = "<group>"; };
		C307048A20BC550E00BEA5B3 /* FloatingButton.swift */ = {isa = PBXFileReference; lastKnownFileType = sourcecode.swift; path = FloatingButton.swift; sourceTree = "<group>"; };
		C33D407420C0C2CA0006F615 /* ListManager.swift */ = {isa = PBXFileReference; lastKnownFileType = sourcecode.swift; path = ListManager.swift; sourceTree = "<group>"; };
		C33D407620C0C4A10006F615 /* ListSelectionTableViewCell.swift */ = {isa = PBXFileReference; lastKnownFileType = sourcecode.swift; path = ListSelectionTableViewCell.swift; sourceTree = "<group>"; };
		C37550CC20BC9F59002C637B /* SymbolSearchViewController.swift */ = {isa = PBXFileReference; lastKnownFileType = sourcecode.swift; path = SymbolSearchViewController.swift; sourceTree = "<group>"; };
		C37550D020BC9FBD002C637B /* ListSelectionViewController.swift */ = {isa = PBXFileReference; lastKnownFileType = sourcecode.swift; path = ListSelectionViewController.swift; sourceTree = "<group>"; };
		C37550D420BCF6EC002C637B /* List.swift */ = {isa = PBXFileReference; lastKnownFileType = sourcecode.swift; path = List.swift; sourceTree = "<group>"; };
		C37550D620BE028C002C637B /* Persistence.swift */ = {isa = PBXFileReference; lastKnownFileType = sourcecode.swift; path = Persistence.swift; sourceTree = "<group>"; };
		C39ADD8020B3570E00DC70F7 /* StockService.swift */ = {isa = PBXFileReference; lastKnownFileType = sourcecode.swift; path = StockService.swift; sourceTree = "<group>"; };
		C39ADD8320B365A500DC70F7 /* NetworkAdapter.swift */ = {isa = PBXFileReference; lastKnownFileType = sourcecode.swift; path = NetworkAdapter.swift; sourceTree = "<group>"; };
		C39D5A7920C1DDF20069E75F /* SymbolSelectionTableViewCell.swift */ = {isa = PBXFileReference; lastKnownFileType = sourcecode.swift; path = SymbolSelectionTableViewCell.swift; sourceTree = "<group>"; };
		C39D5A7B20C1E7F90069E75F /* StockDetailViewController.swift */ = {isa = PBXFileReference; lastKnownFileType = sourcecode.swift; path = StockDetailViewController.swift; sourceTree = "<group>"; };
		C3AE5BBB2097F48C003605F2 /* Portfolio.app */ = {isa = PBXFileReference; explicitFileType = wrapper.application; includeInIndex = 0; path = Portfolio.app; sourceTree = BUILT_PRODUCTS_DIR; };
		C3AE5BBE2097F48C003605F2 /* AppDelegate.swift */ = {isa = PBXFileReference; lastKnownFileType = sourcecode.swift; path = AppDelegate.swift; sourceTree = "<group>"; };
		C3AE5BC02097F48C003605F2 /* ListViewController.swift */ = {isa = PBXFileReference; lastKnownFileType = sourcecode.swift; path = ListViewController.swift; sourceTree = "<group>"; };
		C3AE5BC32097F48C003605F2 /* Base */ = {isa = PBXFileReference; lastKnownFileType = file.storyboard; name = Base; path = Base.lproj/Main.storyboard; sourceTree = "<group>"; };
		C3AE5BC62097F48C003605F2 /* Portfolio.xcdatamodel */ = {isa = PBXFileReference; lastKnownFileType = wrapper.xcdatamodel; path = Portfolio.xcdatamodel; sourceTree = "<group>"; };
		C3AE5BC82097F48F003605F2 /* Assets.xcassets */ = {isa = PBXFileReference; lastKnownFileType = folder.assetcatalog; path = Assets.xcassets; sourceTree = "<group>"; };
		C3AE5BCB2097F48F003605F2 /* Base */ = {isa = PBXFileReference; lastKnownFileType = file.storyboard; name = Base; path = Base.lproj/LaunchScreen.storyboard; sourceTree = "<group>"; };
		C3AE5BCD2097F48F003605F2 /* Info.plist */ = {isa = PBXFileReference; lastKnownFileType = text.plist.xml; path = Info.plist; sourceTree = "<group>"; };
		C3AE5BD22097F48F003605F2 /* PortfolioTests.xctest */ = {isa = PBXFileReference; explicitFileType = wrapper.cfbundle; includeInIndex = 0; path = PortfolioTests.xctest; sourceTree = BUILT_PRODUCTS_DIR; };
		C3AE5BD62097F48F003605F2 /* PortfolioTests.swift */ = {isa = PBXFileReference; lastKnownFileType = sourcecode.swift; path = PortfolioTests.swift; sourceTree = "<group>"; };
		C3AE5BD82097F48F003605F2 /* Info.plist */ = {isa = PBXFileReference; lastKnownFileType = text.plist.xml; path = Info.plist; sourceTree = "<group>"; };
		C3ED169820B3712D0055290E /* Stock.swift */ = {isa = PBXFileReference; lastKnownFileType = sourcecode.swift; path = Stock.swift; sourceTree = "<group>"; };
		F9F5D5191C30265A79210043 /* Pods_Portfolio.framework */ = {isa = PBXFileReference; explicitFileType = wrapper.framework; includeInIndex = 0; path = Pods_Portfolio.framework; sourceTree = BUILT_PRODUCTS_DIR; };
/* End PBXFileReference section */

/* Begin PBXFrameworksBuildPhase section */
		C3AE5BB82097F48C003605F2 /* Frameworks */ = {
			isa = PBXFrameworksBuildPhase;
			buildActionMask = 2147483647;
			files = (
				7E8CCE648DACC492217CF8BA /* Pods_Portfolio.framework in Frameworks */,
			);
			runOnlyForDeploymentPostprocessing = 0;
		};
		C3AE5BCF2097F48F003605F2 /* Frameworks */ = {
			isa = PBXFrameworksBuildPhase;
			buildActionMask = 2147483647;
			files = (
				74650796888ECC57265B7FD5 /* Pods_PortfolioTests.framework in Frameworks */,
			);
			runOnlyForDeploymentPostprocessing = 0;
		};
/* End PBXFrameworksBuildPhase section */

/* Begin PBXGroup section */
		37396CA362C651E6A7AE50A8 /* Pods */ = {
			isa = PBXGroup;
			children = (
				0CF0BDAAA56DA6AA2C8A8317 /* Pods-Portfolio.debug.xcconfig */,
				618A1F3A29AB0B6C1A34ACB9 /* Pods-Portfolio.release.xcconfig */,
				29AFEE580255EB245CCF3D90 /* Pods-PortfolioTests.debug.xcconfig */,
				B389AA89EEC4316AAC11506E /* Pods-PortfolioTests.release.xcconfig */,
			);
			name = Pods;
			sourceTree = "<group>";
		};
		7EC9A85992568D0D68CD0C69 /* Frameworks */ = {
			isa = PBXGroup;
			children = (
				F9F5D5191C30265A79210043 /* Pods_Portfolio.framework */,
				77B931BCAD5BC5B8D6FC9360 /* Pods_PortfolioTests.framework */,
			);
			name = Frameworks;
			sourceTree = "<group>";
		};
		C307047820B9DE9000BEA5B3 /* Helpers */ = {
			isa = PBXGroup;
			children = (
				C307047420B9DA6900BEA5B3 /* NavigationBarCustomizer.swift */,
				C307047620B9DE8B00BEA5B3 /* UIColor+Extension.swift */,
				C307047920B9E94900BEA5B3 /* UIFont+Extension.swift */,
				C307048820BC547000BEA5B3 /* UIViewController+Extension.swift */,
			);
			path = Helpers;
			sourceTree = "<group>";
		};
		C307048C20BC554200BEA5B3 /* List */ = {
			isa = PBXGroup;
			children = (
				C3AE5BC02097F48C003605F2 /* ListViewController.swift */,
				C37550D020BC9FBD002C637B /* ListSelectionViewController.swift */,
				C33D407620C0C4A10006F615 /* ListSelectionTableViewCell.swift */,
				C37550CC20BC9F59002C637B /* SymbolSearchViewController.swift */,
				C39D5A7920C1DDF20069E75F /* SymbolSelectionTableViewCell.swift */,
				C39D5A7B20C1E7F90069E75F /* StockDetailViewController.swift */,
				C307048D20BC793100BEA5B3 /* Accessory Views */,
			);
			path = List;
			sourceTree = "<group>";
		};
		C307048D20BC793100BEA5B3 /* Accessory Views */ = {
			isa = PBXGroup;
			children = (
				C307047B20BA06D900BEA5B3 /* NavigationBarTitleView.swift */,
				C307048A20BC550E00BEA5B3 /* FloatingButton.swift */,
			);
			path = "Accessory Views";
			sourceTree = "<group>";
		};
		C39ADD8220B3658300DC70F7 /* Network Layer */ = {
			isa = PBXGroup;
			children = (
				C39ADD8020B3570E00DC70F7 /* StockService.swift */,
				C39ADD8320B365A500DC70F7 /* NetworkAdapter.swift */,
			);
			path = "Network Layer";
			sourceTree = "<group>";
		};
		C3AE5BB22097F48C003605F2 = {
			isa = PBXGroup;
			children = (
				C3AE5BBD2097F48C003605F2 /* Portfolio */,
				C3AE5BD52097F48F003605F2 /* PortfolioTests */,
				C3AE5BBC2097F48C003605F2 /* Products */,
				37396CA362C651E6A7AE50A8 /* Pods */,
				7EC9A85992568D0D68CD0C69 /* Frameworks */,
			);
			sourceTree = "<group>";
		};
		C3AE5BBC2097F48C003605F2 /* Products */ = {
			isa = PBXGroup;
			children = (
				C3AE5BBB2097F48C003605F2 /* Portfolio.app */,
				C3AE5BD22097F48F003605F2 /* PortfolioTests.xctest */,
			);
			name = Products;
			sourceTree = "<group>";
		};
		C3AE5BBD2097F48C003605F2 /* Portfolio */ = {
			isa = PBXGroup;
			children = (
				C3AE5BBE2097F48C003605F2 /* AppDelegate.swift */,
				C307048C20BC554200BEA5B3 /* List */,
				C307047820B9DE9000BEA5B3 /* Helpers */,
				C3ED169720B3711A0055290E /* Models */,
				C39ADD8220B3658300DC70F7 /* Network Layer */,
				C3AE5BC22097F48C003605F2 /* Main.storyboard */,
				C3AE5BC82097F48F003605F2 /* Assets.xcassets */,
				C3AE5BCA2097F48F003605F2 /* LaunchScreen.storyboard */,
				C3AE5BCD2097F48F003605F2 /* Info.plist */,
				C3AE5BC52097F48C003605F2 /* Portfolio.xcdatamodeld */,
			);
			path = Portfolio;
			sourceTree = "<group>";
		};
		C3AE5BD52097F48F003605F2 /* PortfolioTests */ = {
			isa = PBXGroup;
			children = (
				C3AE5BD62097F48F003605F2 /* PortfolioTests.swift */,
				C3AE5BD82097F48F003605F2 /* Info.plist */,
			);
			path = PortfolioTests;
			sourceTree = "<group>";
		};
		C3ED169720B3711A0055290E /* Models */ = {
			isa = PBXGroup;
			children = (
				C37550D620BE028C002C637B /* Persistence.swift */,
				C3ED169820B3712D0055290E /* Stock.swift */,
				C37550D420BCF6EC002C637B /* List.swift */,
				C33D407420C0C2CA0006F615 /* ListManager.swift */,
			);
			path = Models;
			sourceTree = "<group>";
		};
/* End PBXGroup section */

/* Begin PBXNativeTarget section */
		C3AE5BBA2097F48C003605F2 /* Portfolio */ = {
			isa = PBXNativeTarget;
			buildConfigurationList = C3AE5BDB2097F48F003605F2 /* Build configuration list for PBXNativeTarget "Portfolio" */;
			buildPhases = (
				950BFF3B264C79D94C304AAD /* [CP] Check Pods Manifest.lock */,
				C3AE5BB72097F48C003605F2 /* Sources */,
				C3AE5BB82097F48C003605F2 /* Frameworks */,
				C3AE5BB92097F48C003605F2 /* Resources */,
				9DC99D9D084E9C34D607DB39 /* [CP] Embed Pods Frameworks */,
			);
			buildRules = (
			);
			dependencies = (
			);
			name = Portfolio;
			productName = Portfolio;
			productReference = C3AE5BBB2097F48C003605F2 /* Portfolio.app */;
			productType = "com.apple.product-type.application";
		};
		C3AE5BD12097F48F003605F2 /* PortfolioTests */ = {
			isa = PBXNativeTarget;
			buildConfigurationList = C3AE5BDE2097F48F003605F2 /* Build configuration list for PBXNativeTarget "PortfolioTests" */;
			buildPhases = (
				60D2305C9E3EA9B8A6D40C69 /* [CP] Check Pods Manifest.lock */,
				C3AE5BCE2097F48F003605F2 /* Sources */,
				C3AE5BCF2097F48F003605F2 /* Frameworks */,
				C3AE5BD02097F48F003605F2 /* Resources */,
			);
			buildRules = (
			);
			dependencies = (
				C3AE5BD42097F48F003605F2 /* PBXTargetDependency */,
			);
			name = PortfolioTests;
			productName = PortfolioTests;
			productReference = C3AE5BD22097F48F003605F2 /* PortfolioTests.xctest */;
			productType = "com.apple.product-type.bundle.unit-test";
		};
/* End PBXNativeTarget section */

/* Begin PBXProject section */
		C3AE5BB32097F48C003605F2 /* Project object */ = {
			isa = PBXProject;
			attributes = {
				LastSwiftUpdateCheck = 0930;
				LastUpgradeCheck = 0930;
				ORGANIZATIONNAME = "Luke Reichold";
				TargetAttributes = {
					C3AE5BBA2097F48C003605F2 = {
						CreatedOnToolsVersion = 9.3;
					};
					C3AE5BD12097F48F003605F2 = {
						CreatedOnToolsVersion = 9.3;
						TestTargetID = C3AE5BBA2097F48C003605F2;
					};
				};
			};
			buildConfigurationList = C3AE5BB62097F48C003605F2 /* Build configuration list for PBXProject "Portfolio" */;
			compatibilityVersion = "Xcode 9.3";
			developmentRegion = en;
			hasScannedForEncodings = 0;
			knownRegions = (
				en,
				Base,
			);
			mainGroup = C3AE5BB22097F48C003605F2;
			productRefGroup = C3AE5BBC2097F48C003605F2 /* Products */;
			projectDirPath = "";
			projectRoot = "";
			targets = (
				C3AE5BBA2097F48C003605F2 /* Portfolio */,
				C3AE5BD12097F48F003605F2 /* PortfolioTests */,
			);
		};
/* End PBXProject section */

/* Begin PBXResourcesBuildPhase section */
		C3AE5BB92097F48C003605F2 /* Resources */ = {
			isa = PBXResourcesBuildPhase;
			buildActionMask = 2147483647;
			files = (
				C3AE5BCC2097F48F003605F2 /* LaunchScreen.storyboard in Resources */,
				C3AE5BC92097F48F003605F2 /* Assets.xcassets in Resources */,
				C3AE5BC42097F48C003605F2 /* Main.storyboard in Resources */,
			);
			runOnlyForDeploymentPostprocessing = 0;
		};
		C3AE5BD02097F48F003605F2 /* Resources */ = {
			isa = PBXResourcesBuildPhase;
			buildActionMask = 2147483647;
			files = (
			);
			runOnlyForDeploymentPostprocessing = 0;
		};
/* End PBXResourcesBuildPhase section */

/* Begin PBXShellScriptBuildPhase section */
		60D2305C9E3EA9B8A6D40C69 /* [CP] Check Pods Manifest.lock */ = {
			isa = PBXShellScriptBuildPhase;
			buildActionMask = 2147483647;
			files = (
			);
			inputPaths = (
				"${PODS_PODFILE_DIR_PATH}/Podfile.lock",
				"${PODS_ROOT}/Manifest.lock",
			);
			name = "[CP] Check Pods Manifest.lock";
			outputPaths = (
				"$(DERIVED_FILE_DIR)/Pods-PortfolioTests-checkManifestLockResult.txt",
			);
			runOnlyForDeploymentPostprocessing = 0;
			shellPath = /bin/sh;
			shellScript = "diff \"${PODS_PODFILE_DIR_PATH}/Podfile.lock\" \"${PODS_ROOT}/Manifest.lock\" > /dev/null\nif [ $? != 0 ] ; then\n    # print error to STDERR\n    echo \"error: The sandbox is not in sync with the Podfile.lock. Run 'pod install' or update your CocoaPods installation.\" >&2\n    exit 1\nfi\n# This output is used by Xcode 'outputs' to avoid re-running this script phase.\necho \"SUCCESS\" > \"${SCRIPT_OUTPUT_FILE_0}\"\n";
			showEnvVarsInLog = 0;
		};
		950BFF3B264C79D94C304AAD /* [CP] Check Pods Manifest.lock */ = {
			isa = PBXShellScriptBuildPhase;
			buildActionMask = 2147483647;
			files = (
			);
			inputPaths = (
				"${PODS_PODFILE_DIR_PATH}/Podfile.lock",
				"${PODS_ROOT}/Manifest.lock",
			);
			name = "[CP] Check Pods Manifest.lock";
			outputPaths = (
				"$(DERIVED_FILE_DIR)/Pods-Portfolio-checkManifestLockResult.txt",
			);
			runOnlyForDeploymentPostprocessing = 0;
			shellPath = /bin/sh;
			shellScript = "diff \"${PODS_PODFILE_DIR_PATH}/Podfile.lock\" \"${PODS_ROOT}/Manifest.lock\" > /dev/null\nif [ $? != 0 ] ; then\n    # print error to STDERR\n    echo \"error: The sandbox is not in sync with the Podfile.lock. Run 'pod install' or update your CocoaPods installation.\" >&2\n    exit 1\nfi\n# This output is used by Xcode 'outputs' to avoid re-running this script phase.\necho \"SUCCESS\" > \"${SCRIPT_OUTPUT_FILE_0}\"\n";
			showEnvVarsInLog = 0;
		};
		9DC99D9D084E9C34D607DB39 /* [CP] Embed Pods Frameworks */ = {
			isa = PBXShellScriptBuildPhase;
			buildActionMask = 2147483647;
			files = (
			);
			inputPaths = (
				"${SRCROOT}/Pods/Target Support Files/Pods-Portfolio/Pods-Portfolio-frameworks.sh",
				"${BUILT_PRODUCTS_DIR}/Alamofire/Alamofire.framework",
				"${BUILT_PRODUCTS_DIR}/Disk/Disk.framework",
				"${BUILT_PRODUCTS_DIR}/IoniconsKit/IoniconsKit.framework",
				"${BUILT_PRODUCTS_DIR}/Moya/Moya.framework",
				"${BUILT_PRODUCTS_DIR}/Piano/Piano.framework",
				"${BUILT_PRODUCTS_DIR}/PullToDismiss/PullToDismiss.framework",
				"${BUILT_PRODUCTS_DIR}/Result/Result.framework",
			);
			name = "[CP] Embed Pods Frameworks";
			outputPaths = (
				"${TARGET_BUILD_DIR}/${FRAMEWORKS_FOLDER_PATH}/Alamofire.framework",
				"${TARGET_BUILD_DIR}/${FRAMEWORKS_FOLDER_PATH}/Disk.framework",
				"${TARGET_BUILD_DIR}/${FRAMEWORKS_FOLDER_PATH}/IoniconsKit.framework",
				"${TARGET_BUILD_DIR}/${FRAMEWORKS_FOLDER_PATH}/Moya.framework",
				"${TARGET_BUILD_DIR}/${FRAMEWORKS_FOLDER_PATH}/Piano.framework",
				"${TARGET_BUILD_DIR}/${FRAMEWORKS_FOLDER_PATH}/PullToDismiss.framework",
				"${TARGET_BUILD_DIR}/${FRAMEWORKS_FOLDER_PATH}/Result.framework",
			);
			runOnlyForDeploymentPostprocessing = 0;
			shellPath = /bin/sh;
			shellScript = "\"${SRCROOT}/Pods/Target Support Files/Pods-Portfolio/Pods-Portfolio-frameworks.sh\"\n";
			showEnvVarsInLog = 0;
		};
/* End PBXShellScriptBuildPhase section */

/* Begin PBXSourcesBuildPhase section */
		C3AE5BB72097F48C003605F2 /* Sources */ = {
			isa = PBXSourcesBuildPhase;
			buildActionMask = 2147483647;
			files = (
				C39D5A7C20C1E7FA0069E75F /* StockDetailViewController.swift in Sources */,
				C33D407820C0C4A10006F615 /* ListSelectionTableViewCell.swift in Sources */,
				C3AE5BC72097F48C003605F2 /* Portfolio.xcdatamodeld in Sources */,
				C37550D720BE028C002C637B /* Persistence.swift in Sources */,
				C37550CE20BC9F59002C637B /* SymbolSearchViewController.swift in Sources */,
				C39D5A7A20C1DDF20069E75F /* SymbolSelectionTableViewCell.swift in Sources */,
				C307048920BC547000BEA5B3 /* UIViewController+Extension.swift in Sources */,
				C37550D220BC9FBD002C637B /* ListSelectionViewController.swift in Sources */,
				C307047720B9DE8B00BEA5B3 /* UIColor+Extension.swift in Sources */,
				C33D407520C0C2CA0006F615 /* ListManager.swift in Sources */,
				C307047520B9DA6900BEA5B3 /* NavigationBarCustomizer.swift in Sources */,
				C307047C20BA06D900BEA5B3 /* NavigationBarTitleView.swift in Sources */,
				C39ADD8120B3570E00DC70F7 /* StockService.swift in Sources */,
				C37550D520BCF6EC002C637B /* List.swift in Sources */,
				C3AE5BC12097F48C003605F2 /* ListViewController.swift in Sources */,
				C3ED169920B3712D0055290E /* Stock.swift in Sources */,
				C3AE5BBF2097F48C003605F2 /* AppDelegate.swift in Sources */,
				C307047A20B9E94900BEA5B3 /* UIFont+Extension.swift in Sources */,
				C39ADD8420B365A500DC70F7 /* NetworkAdapter.swift in Sources */,
				C307048B20BC550E00BEA5B3 /* FloatingButton.swift in Sources */,
			);
			runOnlyForDeploymentPostprocessing = 0;
		};
		C3AE5BCE2097F48F003605F2 /* Sources */ = {
			isa = PBXSourcesBuildPhase;
			buildActionMask = 2147483647;
			files = (
				C3AE5BD72097F48F003605F2 /* PortfolioTests.swift in Sources */,
			);
			runOnlyForDeploymentPostprocessing = 0;
		};
/* End PBXSourcesBuildPhase section */

/* Begin PBXTargetDependency section */
		C3AE5BD42097F48F003605F2 /* PBXTargetDependency */ = {
			isa = PBXTargetDependency;
			target = C3AE5BBA2097F48C003605F2 /* Portfolio */;
			targetProxy = C3AE5BD32097F48F003605F2 /* PBXContainerItemProxy */;
		};
/* End PBXTargetDependency section */

/* Begin PBXVariantGroup section */
		C3AE5BC22097F48C003605F2 /* Main.storyboard */ = {
			isa = PBXVariantGroup;
			children = (
				C3AE5BC32097F48C003605F2 /* Base */,
			);
			name = Main.storyboard;
			sourceTree = "<group>";
		};
		C3AE5BCA2097F48F003605F2 /* LaunchScreen.storyboard */ = {
			isa = PBXVariantGroup;
			children = (
				C3AE5BCB2097F48F003605F2 /* Base */,
			);
			name = LaunchScreen.storyboard;
			sourceTree = "<group>";
		};
/* End PBXVariantGroup section */

/* Begin XCBuildConfiguration section */
		C3AE5BD92097F48F003605F2 /* Debug */ = {
			isa = XCBuildConfiguration;
			buildSettings = {
				ALWAYS_SEARCH_USER_PATHS = NO;
				CLANG_ANALYZER_NONNULL = YES;
				CLANG_ANALYZER_NUMBER_OBJECT_CONVERSION = YES_AGGRESSIVE;
				CLANG_CXX_LANGUAGE_STANDARD = "gnu++14";
				CLANG_CXX_LIBRARY = "libc++";
				CLANG_ENABLE_MODULES = YES;
				CLANG_ENABLE_OBJC_ARC = YES;
				CLANG_ENABLE_OBJC_WEAK = YES;
				CLANG_WARN_BLOCK_CAPTURE_AUTORELEASING = YES;
				CLANG_WARN_BOOL_CONVERSION = YES;
				CLANG_WARN_COMMA = YES;
				CLANG_WARN_CONSTANT_CONVERSION = YES;
				CLANG_WARN_DEPRECATED_OBJC_IMPLEMENTATIONS = YES;
				CLANG_WARN_DIRECT_OBJC_ISA_USAGE = YES_ERROR;
				CLANG_WARN_DOCUMENTATION_COMMENTS = YES;
				CLANG_WARN_EMPTY_BODY = YES;
				CLANG_WARN_ENUM_CONVERSION = YES;
				CLANG_WARN_INFINITE_RECURSION = YES;
				CLANG_WARN_INT_CONVERSION = YES;
				CLANG_WARN_NON_LITERAL_NULL_CONVERSION = YES;
				CLANG_WARN_OBJC_IMPLICIT_RETAIN_SELF = YES;
				CLANG_WARN_OBJC_LITERAL_CONVERSION = YES;
				CLANG_WARN_OBJC_ROOT_CLASS = YES_ERROR;
				CLANG_WARN_RANGE_LOOP_ANALYSIS = YES;
				CLANG_WARN_STRICT_PROTOTYPES = YES;
				CLANG_WARN_SUSPICIOUS_MOVE = YES;
				CLANG_WARN_UNGUARDED_AVAILABILITY = YES_AGGRESSIVE;
				CLANG_WARN_UNREACHABLE_CODE = YES;
				CLANG_WARN__DUPLICATE_METHOD_MATCH = YES;
				CODE_SIGN_IDENTITY = "iPhone Developer";
				COPY_PHASE_STRIP = NO;
				DEBUG_INFORMATION_FORMAT = dwarf;
				ENABLE_STRICT_OBJC_MSGSEND = YES;
				ENABLE_TESTABILITY = YES;
				GCC_C_LANGUAGE_STANDARD = gnu11;
				GCC_DYNAMIC_NO_PIC = NO;
				GCC_NO_COMMON_BLOCKS = YES;
				GCC_OPTIMIZATION_LEVEL = 0;
				GCC_PREPROCESSOR_DEFINITIONS = (
					"DEBUG=1",
					"$(inherited)",
				);
				GCC_WARN_64_TO_32_BIT_CONVERSION = YES;
				GCC_WARN_ABOUT_RETURN_TYPE = YES_ERROR;
				GCC_WARN_UNDECLARED_SELECTOR = YES;
				GCC_WARN_UNINITIALIZED_AUTOS = YES_AGGRESSIVE;
				GCC_WARN_UNUSED_FUNCTION = YES;
				GCC_WARN_UNUSED_VARIABLE = YES;
				IPHONEOS_DEPLOYMENT_TARGET = 11.3;
				MTL_ENABLE_DEBUG_INFO = YES;
				ONLY_ACTIVE_ARCH = YES;
				SDKROOT = iphoneos;
				SWIFT_ACTIVE_COMPILATION_CONDITIONS = DEBUG;
				SWIFT_OPTIMIZATION_LEVEL = "-Onone";
			};
			name = Debug;
		};
		C3AE5BDA2097F48F003605F2 /* Release */ = {
			isa = XCBuildConfiguration;
			buildSettings = {
				ALWAYS_SEARCH_USER_PATHS = NO;
				CLANG_ANALYZER_NONNULL = YES;
				CLANG_ANALYZER_NUMBER_OBJECT_CONVERSION = YES_AGGRESSIVE;
				CLANG_CXX_LANGUAGE_STANDARD = "gnu++14";
				CLANG_CXX_LIBRARY = "libc++";
				CLANG_ENABLE_MODULES = YES;
				CLANG_ENABLE_OBJC_ARC = YES;
				CLANG_ENABLE_OBJC_WEAK = YES;
				CLANG_WARN_BLOCK_CAPTURE_AUTORELEASING = YES;
				CLANG_WARN_BOOL_CONVERSION = YES;
				CLANG_WARN_COMMA = YES;
				CLANG_WARN_CONSTANT_CONVERSION = YES;
				CLANG_WARN_DEPRECATED_OBJC_IMPLEMENTATIONS = YES;
				CLANG_WARN_DIRECT_OBJC_ISA_USAGE = YES_ERROR;
				CLANG_WARN_DOCUMENTATION_COMMENTS = YES;
				CLANG_WARN_EMPTY_BODY = YES;
				CLANG_WARN_ENUM_CONVERSION = YES;
				CLANG_WARN_INFINITE_RECURSION = YES;
				CLANG_WARN_INT_CONVERSION = YES;
				CLANG_WARN_NON_LITERAL_NULL_CONVERSION = YES;
				CLANG_WARN_OBJC_IMPLICIT_RETAIN_SELF = YES;
				CLANG_WARN_OBJC_LITERAL_CONVERSION = YES;
				CLANG_WARN_OBJC_ROOT_CLASS = YES_ERROR;
				CLANG_WARN_RANGE_LOOP_ANALYSIS = YES;
				CLANG_WARN_STRICT_PROTOTYPES = YES;
				CLANG_WARN_SUSPICIOUS_MOVE = YES;
				CLANG_WARN_UNGUARDED_AVAILABILITY = YES_AGGRESSIVE;
				CLANG_WARN_UNREACHABLE_CODE = YES;
				CLANG_WARN__DUPLICATE_METHOD_MATCH = YES;
				CODE_SIGN_IDENTITY = "iPhone Developer";
				COPY_PHASE_STRIP = NO;
				DEBUG_INFORMATION_FORMAT = "dwarf-with-dsym";
				ENABLE_NS_ASSERTIONS = NO;
				ENABLE_STRICT_OBJC_MSGSEND = YES;
				GCC_C_LANGUAGE_STANDARD = gnu11;
				GCC_NO_COMMON_BLOCKS = YES;
				GCC_WARN_64_TO_32_BIT_CONVERSION = YES;
				GCC_WARN_ABOUT_RETURN_TYPE = YES_ERROR;
				GCC_WARN_UNDECLARED_SELECTOR = YES;
				GCC_WARN_UNINITIALIZED_AUTOS = YES_AGGRESSIVE;
				GCC_WARN_UNUSED_FUNCTION = YES;
				GCC_WARN_UNUSED_VARIABLE = YES;
				IPHONEOS_DEPLOYMENT_TARGET = 11.3;
				MTL_ENABLE_DEBUG_INFO = NO;
				SDKROOT = iphoneos;
				SWIFT_COMPILATION_MODE = wholemodule;
				SWIFT_OPTIMIZATION_LEVEL = "-O";
				VALIDATE_PRODUCT = YES;
			};
			name = Release;
		};
		C3AE5BDC2097F48F003605F2 /* Debug */ = {
			isa = XCBuildConfiguration;
			baseConfigurationReference = 0CF0BDAAA56DA6AA2C8A8317 /* Pods-Portfolio.debug.xcconfig */;
			buildSettings = {
				ASSETCATALOG_COMPILER_APPICON_NAME = AppIcon;
				CODE_SIGN_STYLE = Automatic;
				DEVELOPMENT_TEAM = 79X9YF69H4;
				INFOPLIST_FILE = Portfolio/Info.plist;
				LD_RUNPATH_SEARCH_PATHS = (
					"$(inherited)",
					"@executable_path/Frameworks",
				);
				PRODUCT_BUNDLE_IDENTIFIER = com.lukereichold.Portfolio;
				PRODUCT_NAME = "$(TARGET_NAME)";
				SWIFT_VERSION = 4.0;
				TARGETED_DEVICE_FAMILY = "1,2";
			};
			name = Debug;
		};
		C3AE5BDD2097F48F003605F2 /* Release */ = {
			isa = XCBuildConfiguration;
			baseConfigurationReference = 618A1F3A29AB0B6C1A34ACB9 /* Pods-Portfolio.release.xcconfig */;
			buildSettings = {
				ASSETCATALOG_COMPILER_APPICON_NAME = AppIcon;
				CODE_SIGN_STYLE = Automatic;
				DEVELOPMENT_TEAM = 79X9YF69H4;
				INFOPLIST_FILE = Portfolio/Info.plist;
				LD_RUNPATH_SEARCH_PATHS = (
					"$(inherited)",
					"@executable_path/Frameworks",
				);
				PRODUCT_BUNDLE_IDENTIFIER = com.lukereichold.Portfolio;
				PRODUCT_NAME = "$(TARGET_NAME)";
				SWIFT_VERSION = 4.0;
				TARGETED_DEVICE_FAMILY = "1,2";
			};
			name = Release;
		};
		C3AE5BDF2097F48F003605F2 /* Debug */ = {
			isa = XCBuildConfiguration;
			baseConfigurationReference = 29AFEE580255EB245CCF3D90 /* Pods-PortfolioTests.debug.xcconfig */;
			buildSettings = {
				ALWAYS_EMBED_SWIFT_STANDARD_LIBRARIES = YES;
				BUNDLE_LOADER = "$(TEST_HOST)";
				CODE_SIGN_STYLE = Automatic;
				DEVELOPMENT_TEAM = 79X9YF69H4;
				INFOPLIST_FILE = PortfolioTests/Info.plist;
				LD_RUNPATH_SEARCH_PATHS = (
					"$(inherited)",
					"@executable_path/Frameworks",
					"@loader_path/Frameworks",
				);
				PRODUCT_BUNDLE_IDENTIFIER = com.lukereichold.PortfolioTests;
				PRODUCT_NAME = "$(TARGET_NAME)";
				SWIFT_VERSION = 4.0;
				TARGETED_DEVICE_FAMILY = "1,2";
				TEST_HOST = "$(BUILT_PRODUCTS_DIR)/Portfolio.app/Portfolio";
			};
			name = Debug;
		};
		C3AE5BE02097F48F003605F2 /* Release */ = {
			isa = XCBuildConfiguration;
			baseConfigurationReference = B389AA89EEC4316AAC11506E /* Pods-PortfolioTests.release.xcconfig */;
			buildSettings = {
				ALWAYS_EMBED_SWIFT_STANDARD_LIBRARIES = YES;
				BUNDLE_LOADER = "$(TEST_HOST)";
				CODE_SIGN_STYLE = Automatic;
				DEVELOPMENT_TEAM = 79X9YF69H4;
				INFOPLIST_FILE = PortfolioTests/Info.plist;
				LD_RUNPATH_SEARCH_PATHS = (
					"$(inherited)",
					"@executable_path/Frameworks",
					"@loader_path/Frameworks",
				);
				PRODUCT_BUNDLE_IDENTIFIER = com.lukereichold.PortfolioTests;
				PRODUCT_NAME = "$(TARGET_NAME)";
				SWIFT_VERSION = 4.0;
				TARGETED_DEVICE_FAMILY = "1,2";
				TEST_HOST = "$(BUILT_PRODUCTS_DIR)/Portfolio.app/Portfolio";
			};
			name = Release;
		};
/* End XCBuildConfiguration section */

/* Begin XCConfigurationList section */
		C3AE5BB62097F48C003605F2 /* Build configuration list for PBXProject "Portfolio" */ = {
			isa = XCConfigurationList;
			buildConfigurations = (
				C3AE5BD92097F48F003605F2 /* Debug */,
				C3AE5BDA2097F48F003605F2 /* Release */,
			);
			defaultConfigurationIsVisible = 0;
			defaultConfigurationName = Release;
		};
		C3AE5BDB2097F48F003605F2 /* Build configuration list for PBXNativeTarget "Portfolio" */ = {
			isa = XCConfigurationList;
			buildConfigurations = (
				C3AE5BDC2097F48F003605F2 /* Debug */,
				C3AE5BDD2097F48F003605F2 /* Release */,
			);
			defaultConfigurationIsVisible = 0;
			defaultConfigurationName = Release;
		};
		C3AE5BDE2097F48F003605F2 /* Build configuration list for PBXNativeTarget "PortfolioTests" */ = {
			isa = XCConfigurationList;
			buildConfigurations = (
				C3AE5BDF2097F48F003605F2 /* Debug */,
				C3AE5BE02097F48F003605F2 /* Release */,
			);
			defaultConfigurationIsVisible = 0;
			defaultConfigurationName = Release;
		};
/* End XCConfigurationList section */

/* Begin XCVersionGroup section */
		C3AE5BC52097F48C003605F2 /* Portfolio.xcdatamodeld */ = {
			isa = XCVersionGroup;
			children = (
				C3AE5BC62097F48C003605F2 /* Portfolio.xcdatamodel */,
			);
			currentVersion = C3AE5BC62097F48C003605F2 /* Portfolio.xcdatamodel */;
			path = Portfolio.xcdatamodeld;
			sourceTree = "<group>";
			versionGroupType = wrapper.xcdatamodel;
		};
/* End XCVersionGroup section */
	};
	rootObject = C3AE5BB32097F48C003605F2 /* Project object */;
}
